
Microsoft Visual Studio Solution File, Format Version 12.00
# Visual Studio 15
VisualStudioVersion = 15.0.27130.2027
MinimumVisualStudioVersion = 10.0.40219.1
Project("{FAE04EC0-301F-11D3-BF4B-00C04F79EFBC}") = "ProdutosWebAPI2", "ProdutosWebAPI2\ProdutosWebAPI2.csproj", "{5292C278-E9CB-4CFF-9BD0-36F0F0DFD244}"
EndProject
Global
	GlobalSection(SolutionConfigurationPlatforms) = preSolution
		Debug|Any CPU = Debug|Any CPU
		Release|Any CPU = Release|Any CPU
	EndGlobalSection
	GlobalSection(ProjectConfigurationPlatforms) = postSolution
		{5292C278-E9CB-4CFF-9BD0-36F0F0DFD244}.Debug|Any CPU.ActiveCfg = Debug|Any CPU
		{5292C278-E9CB-4CFF-9BD0-36F0F0DFD244}.Debug|Any CPU.Build.0 = Debug|Any CPU
		{5292C278-E9CB-4CFF-9BD0-36F0F0DFD244}.Release|Any CPU.ActiveCfg = Release|Any CPU
		{5292C278-E9CB-4CFF-9BD0-36F0F0DFD244}.Release|Any CPU.Build.0 = Release|Any CPU
	EndGlobalSection
	GlobalSection(SolutionProperties) = preSolution
		HideSolutionNode = FALSE
	EndGlobalSection
	GlobalSection(ExtensibilityGlobals) = postSolution
		SolutionGuid = {89FAA2F8-7171-43DA-90A8-06B97A964847}
	EndGlobalSection
EndGlobal
